
Microsoft Visual Studio Solution File, Format Version 12.00
# Visual Studio 2012
Project("{FAE04EC0-301F-11D3-BF4B-00C04F79EFBC}") = "ConsoleApp1", "ConsoleApp1.csproj", "{C38FE99A-5E0E-41A1-947E-22D616778DE7}"
EndProject
Project("{FAE04EC0-301F-11D3-BF4B-00C04F79EFBC}") = "ConsoleApp2", "..\ConsoleApp2\ConsoleApp2.csproj", "{40844E89-D5D5-4906-A6DE-E312198C0AC7}"
EndProject
Project("{FAE04EC0-301F-11D3-BF4B-00C04F79EFBC}") = "ConsoleApp5", "ConsoleApp5\ConsoleApp5.csproj", "{2746D520-F481-4142-A89E-E5E8F079B8F3}"
EndProject
Project("{FAE04EC0-301F-11D3-BF4B-00C04F79EFBC}") = "ConsoleApp4", "ConsoleApp4\ConsoleApp4.csproj", "{01F8BAE1-D132-4C03-AF97-8E3A2EBC38A5}"
EndProject
Project("{FAE04EC0-301F-11D3-BF4B-00C04F79EFBC}") = "ConsoleApp3", "..\ConsoleApp3\ConsoleApp3.csproj", "{F34916B7-3E2C-482C-A212-4433574B3BE1}"
EndProject
Global
	GlobalSection(SolutionConfigurationPlatforms) = preSolution
		Debug|Any CPU = Debug|Any CPU
		Release|Any CPU = Release|Any CPU
	EndGlobalSection
	GlobalSection(ProjectConfigurationPlatforms) = postSolution
		{C38FE99A-5E0E-41A1-947E-22D616778DE7}.Debug|Any CPU.ActiveCfg = Debug|Any CPU
		{C38FE99A-5E0E-41A1-947E-22D616778DE7}.Debug|Any CPU.Build.0 = Debug|Any CPU
		{C38FE99A-5E0E-41A1-947E-22D616778DE7}.Release|Any CPU.ActiveCfg = Release|Any CPU
		{C38FE99A-5E0E-41A1-947E-22D616778DE7}.Release|Any CPU.Build.0 = Release|Any CPU
		{40844E89-D5D5-4906-A6DE-E312198C0AC7}.Debug|Any CPU.ActiveCfg = Debug|Any CPU
		{40844E89-D5D5-4906-A6DE-E312198C0AC7}.Debug|Any CPU.Build.0 = Debug|Any CPU
		{40844E89-D5D5-4906-A6DE-E312198C0AC7}.Release|Any CPU.ActiveCfg = Release|Any CPU
		{40844E89-D5D5-4906-A6DE-E312198C0AC7}.Release|Any CPU.Build.0 = Release|Any CPU
		{2746D520-F481-4142-A89E-E5E8F079B8F3}.Debug|Any CPU.ActiveCfg = Debug|Any CPU
		{2746D520-F481-4142-A89E-E5E8F079B8F3}.Debug|Any CPU.Build.0 = Debug|Any CPU
		{2746D520-F481-4142-A89E-E5E8F079B8F3}.Release|Any CPU.ActiveCfg = Release|Any CPU
		{2746D520-F481-4142-A89E-E5E8F079B8F3}.Release|Any CPU.Build.0 = Release|Any CPU
		{01F8BAE1-D132-4C03-AF97-8E3A2EBC38A5}.Debug|Any CPU.ActiveCfg = Debug|Any CPU
		{01F8BAE1-D132-4C03-AF97-8E3A2EBC38A5}.Debug|Any CPU.Build.0 = Debug|Any CPU
		{01F8BAE1-D132-4C03-AF97-8E3A2EBC38A5}.Release|Any CPU.ActiveCfg = Release|Any CPU
		{01F8BAE1-D132-4C03-AF97-8E3A2EBC38A5}.Release|Any CPU.Build.0 = Release|Any CPU
		{F34916B7-3E2C-482C-A212-4433574B3BE1}.Debug|Any CPU.ActiveCfg = Debug|Any CPU
		{F34916B7-3E2C-482C-A212-4433574B3BE1}.Debug|Any CPU.Build.0 = Debug|Any CPU
		{F34916B7-3E2C-482C-A212-4433574B3BE1}.Release|Any CPU.ActiveCfg = Release|Any CPU
		{F34916B7-3E2C-482C-A212-4433574B3BE1}.Release|Any CPU.Build.0 = Release|Any CPU
	EndGlobalSection
	GlobalSection(SolutionProperties) = preSolution
		HideSolutionNode = FALSE
	EndGlobalSection
EndGlobal
