
Microsoft Visual Studio Solution File, Format Version 12.00
# Visual Studio 15
VisualStudioVersion = 15.0.28010.2046
MinimumVisualStudioVersion = 10.0.40219.1
Project("{9A19103F-16F7-4668-BE54-9A1E7A4F7556}") = "Task1", "Task1\Task1.csproj", "{C0841C36-EBD2-4AB1-8221-E03BD826C47B}"
EndProject
Project("{FAE04EC0-301F-11D3-BF4B-00C04F79EFBC}") = "Task2", "Task2\Task2.csproj", "{5BD41028-92CC-407A-8B9C-3E09CF512B51}"
EndProject
Project("{FAE04EC0-301F-11D3-BF4B-00C04F79EFBC}") = "Task3", "Task3\Task3.csproj", "{DA345AB9-93A6-47DC-A8C6-FCD7B63FB489}"
EndProject
Project("{FAE04EC0-301F-11D3-BF4B-00C04F79EFBC}") = "Task4", "Task4\Task4.csproj", "{36C0BEF6-C423-4916-A30B-6B878044E51D}"
EndProject
Global
	GlobalSection(SolutionConfigurationPlatforms) = preSolution
		Debug|Any CPU = Debug|Any CPU
		Release|Any CPU = Release|Any CPU
	EndGlobalSection
	GlobalSection(ProjectConfigurationPlatforms) = postSolution
		{C0841C36-EBD2-4AB1-8221-E03BD826C47B}.Debug|Any CPU.ActiveCfg = Debug|Any CPU
		{C0841C36-EBD2-4AB1-8221-E03BD826C47B}.Debug|Any CPU.Build.0 = Debug|Any CPU
		{C0841C36-EBD2-4AB1-8221-E03BD826C47B}.Release|Any CPU.ActiveCfg = Release|Any CPU
		{C0841C36-EBD2-4AB1-8221-E03BD826C47B}.Release|Any CPU.Build.0 = Release|Any CPU
		{5BD41028-92CC-407A-8B9C-3E09CF512B51}.Debug|Any CPU.ActiveCfg = Debug|Any CPU
		{5BD41028-92CC-407A-8B9C-3E09CF512B51}.Debug|Any CPU.Build.0 = Debug|Any CPU
		{5BD41028-92CC-407A-8B9C-3E09CF512B51}.Release|Any CPU.ActiveCfg = Release|Any CPU
		{5BD41028-92CC-407A-8B9C-3E09CF512B51}.Release|Any CPU.Build.0 = Release|Any CPU
		{DA345AB9-93A6-47DC-A8C6-FCD7B63FB489}.Debug|Any CPU.ActiveCfg = Debug|Any CPU
		{DA345AB9-93A6-47DC-A8C6-FCD7B63FB489}.Debug|Any CPU.Build.0 = Debug|Any CPU
		{DA345AB9-93A6-47DC-A8C6-FCD7B63FB489}.Release|Any CPU.ActiveCfg = Release|Any CPU
		{DA345AB9-93A6-47DC-A8C6-FCD7B63FB489}.Release|Any CPU.Build.0 = Release|Any CPU
		{36C0BEF6-C423-4916-A30B-6B878044E51D}.Debug|Any CPU.ActiveCfg = Debug|Any CPU
		{36C0BEF6-C423-4916-A30B-6B878044E51D}.Debug|Any CPU.Build.0 = Debug|Any CPU
		{36C0BEF6-C423-4916-A30B-6B878044E51D}.Release|Any CPU.ActiveCfg = Release|Any CPU
		{36C0BEF6-C423-4916-A30B-6B878044E51D}.Release|Any CPU.Build.0 = Release|Any CPU
	EndGlobalSection
	GlobalSection(SolutionProperties) = preSolution
		HideSolutionNode = FALSE
	EndGlobalSection
	GlobalSection(ExtensibilityGlobals) = postSolution
		SolutionGuid = {0F31C3EB-117C-4EA0-AFAD-E4BF9EB43E28}
	EndGlobalSection
EndGlobal
