
Microsoft Visual Studio Solution File, Format Version 12.00
# Visual Studio 15
VisualStudioVersion = 15.0.28010.2026
MinimumVisualStudioVersion = 10.0.40219.1
Project("{FAE04EC0-301F-11D3-BF4B-00C04F79EFBC}") = "My_calculate", "My_calculate\My_calculate.csproj", "{F3C46B96-EE41-4DAF-9CAB-D84930FC55B3}"
EndProject
Project("{FAE04EC0-301F-11D3-BF4B-00C04F79EFBC}") = "Task1", "Task1\Task1.csproj", "{E6FD9317-E4CC-4FE2-88E7-00136FF3063E}"
EndProject
Global
	GlobalSection(SolutionConfigurationPlatforms) = preSolution
		Debug|Any CPU = Debug|Any CPU
		Release|Any CPU = Release|Any CPU
	EndGlobalSection
	GlobalSection(ProjectConfigurationPlatforms) = postSolution
		{F3C46B96-EE41-4DAF-9CAB-D84930FC55B3}.Debug|Any CPU.ActiveCfg = Debug|Any CPU
		{F3C46B96-EE41-4DAF-9CAB-D84930FC55B3}.Debug|Any CPU.Build.0 = Debug|Any CPU
		{F3C46B96-EE41-4DAF-9CAB-D84930FC55B3}.Release|Any CPU.ActiveCfg = Release|Any CPU
		{F3C46B96-EE41-4DAF-9CAB-D84930FC55B3}.Release|Any CPU.Build.0 = Release|Any CPU
		{E6FD9317-E4CC-4FE2-88E7-00136FF3063E}.Debug|Any CPU.ActiveCfg = Debug|Any CPU
		{E6FD9317-E4CC-4FE2-88E7-00136FF3063E}.Debug|Any CPU.Build.0 = Debug|Any CPU
		{E6FD9317-E4CC-4FE2-88E7-00136FF3063E}.Release|Any CPU.ActiveCfg = Release|Any CPU
		{E6FD9317-E4CC-4FE2-88E7-00136FF3063E}.Release|Any CPU.Build.0 = Release|Any CPU
	EndGlobalSection
	GlobalSection(SolutionProperties) = preSolution
		HideSolutionNode = FALSE
	EndGlobalSection
	GlobalSection(ExtensibilityGlobals) = postSolution
		SolutionGuid = {3BC86D54-C62F-4D01-87E4-57618593AC77}
	EndGlobalSection
EndGlobal
