
Microsoft Visual Studio Solution File, Format Version 12.00
# Visual Studio 2012
Project("{FAE04EC0-301F-11D3-BF4B-00C04F79EFBC}") = "inheritance", "inheritance\inheritance.csproj", "{80F34672-7409-4AE5-9721-C6EAA6ACEF29}"
EndProject
Project("{FAE04EC0-301F-11D3-BF4B-00C04F79EFBC}") = "Item2", "Item2\Item2.csproj", "{E699F494-5C7C-4DC2-9F5F-C36E40F838D7}"
EndProject
Global
	GlobalSection(SolutionConfigurationPlatforms) = preSolution
		Debug|Any CPU = Debug|Any CPU
		Release|Any CPU = Release|Any CPU
	EndGlobalSection
	GlobalSection(ProjectConfigurationPlatforms) = postSolution
		{80F34672-7409-4AE5-9721-C6EAA6ACEF29}.Debug|Any CPU.ActiveCfg = Debug|Any CPU
		{80F34672-7409-4AE5-9721-C6EAA6ACEF29}.Debug|Any CPU.Build.0 = Debug|Any CPU
		{80F34672-7409-4AE5-9721-C6EAA6ACEF29}.Release|Any CPU.ActiveCfg = Release|Any CPU
		{80F34672-7409-4AE5-9721-C6EAA6ACEF29}.Release|Any CPU.Build.0 = Release|Any CPU
		{E699F494-5C7C-4DC2-9F5F-C36E40F838D7}.Debug|Any CPU.ActiveCfg = Debug|Any CPU
		{E699F494-5C7C-4DC2-9F5F-C36E40F838D7}.Debug|Any CPU.Build.0 = Debug|Any CPU
		{E699F494-5C7C-4DC2-9F5F-C36E40F838D7}.Release|Any CPU.ActiveCfg = Release|Any CPU
		{E699F494-5C7C-4DC2-9F5F-C36E40F838D7}.Release|Any CPU.Build.0 = Release|Any CPU
	EndGlobalSection
	GlobalSection(SolutionProperties) = preSolution
		HideSolutionNode = FALSE
	EndGlobalSection
EndGlobal
