
Microsoft Visual Studio Solution File, Format Version 12.00
# Visual Studio 15
VisualStudioVersion = 15.0.27703.2035
MinimumVisualStudioVersion = 10.0.40219.1
Project("{FAE04EC0-301F-11D3-BF4B-00C04F79EFBC}") = "Task1", "Hometask7\Task1.csproj", "{EE931F3F-CEF8-42BC-8CE6-1822C1C35790}"
EndProject
Project("{FAE04EC0-301F-11D3-BF4B-00C04F79EFBC}") = "Task2", "Task2\Task2.csproj", "{96187D5E-DF15-4434-B73D-474075B6998A}"
EndProject
Global
	GlobalSection(SolutionConfigurationPlatforms) = preSolution
		Debug|Any CPU = Debug|Any CPU
		Release|Any CPU = Release|Any CPU
	EndGlobalSection
	GlobalSection(ProjectConfigurationPlatforms) = postSolution
		{EE931F3F-CEF8-42BC-8CE6-1822C1C35790}.Debug|Any CPU.ActiveCfg = Debug|Any CPU
		{EE931F3F-CEF8-42BC-8CE6-1822C1C35790}.Debug|Any CPU.Build.0 = Debug|Any CPU
		{EE931F3F-CEF8-42BC-8CE6-1822C1C35790}.Release|Any CPU.ActiveCfg = Release|Any CPU
		{EE931F3F-CEF8-42BC-8CE6-1822C1C35790}.Release|Any CPU.Build.0 = Release|Any CPU
		{96187D5E-DF15-4434-B73D-474075B6998A}.Debug|Any CPU.ActiveCfg = Debug|Any CPU
		{96187D5E-DF15-4434-B73D-474075B6998A}.Debug|Any CPU.Build.0 = Debug|Any CPU
		{96187D5E-DF15-4434-B73D-474075B6998A}.Release|Any CPU.ActiveCfg = Release|Any CPU
		{96187D5E-DF15-4434-B73D-474075B6998A}.Release|Any CPU.Build.0 = Release|Any CPU
	EndGlobalSection
	GlobalSection(SolutionProperties) = preSolution
		HideSolutionNode = FALSE
	EndGlobalSection
	GlobalSection(ExtensibilityGlobals) = postSolution
		SolutionGuid = {2D5EF8F8-F582-4F23-B1E9-EB3FD3E83EB8}
	EndGlobalSection
EndGlobal
