
Microsoft Visual Studio Solution File, Format Version 12.00
# Visual Studio 15
VisualStudioVersion = 15.0.27004.2005
MinimumVisualStudioVersion = 10.0.40219.1
Project("{FAE04EC0-301F-11D3-BF4B-00C04F79EFBC}") = "Task6.1", "Task6.1\Task6.1.csproj", "{954FC3E9-A48F-486F-8D4C-D43AB335ADC2}"
EndProject
Project("{FAE04EC0-301F-11D3-BF4B-00C04F79EFBC}") = "Task6.3", "Task6.3\Task6.3.csproj", "{8C3FE327-5876-4874-8F92-78236BD1679C}"
EndProject
Project("{FAE04EC0-301F-11D3-BF4B-00C04F79EFBC}") = "Task6.2", "Task6.2\Task6.2.csproj", "{A3B7EDC3-B9F7-49E5-8DD0-4E5EA01B7F37}"
EndProject
Project("{FAE04EC0-301F-11D3-BF4B-00C04F79EFBC}") = "Task6.4", "Task6.4\Task6.4.csproj", "{24F7C526-4A66-4D94-BC8E-FE3D85ED25F1}"
EndProject
Global
	GlobalSection(SolutionConfigurationPlatforms) = preSolution
		Debug|Any CPU = Debug|Any CPU
		Release|Any CPU = Release|Any CPU
	EndGlobalSection
	GlobalSection(ProjectConfigurationPlatforms) = postSolution
		{954FC3E9-A48F-486F-8D4C-D43AB335ADC2}.Debug|Any CPU.ActiveCfg = Debug|Any CPU
		{954FC3E9-A48F-486F-8D4C-D43AB335ADC2}.Debug|Any CPU.Build.0 = Debug|Any CPU
		{954FC3E9-A48F-486F-8D4C-D43AB335ADC2}.Release|Any CPU.ActiveCfg = Release|Any CPU
		{954FC3E9-A48F-486F-8D4C-D43AB335ADC2}.Release|Any CPU.Build.0 = Release|Any CPU
		{8C3FE327-5876-4874-8F92-78236BD1679C}.Debug|Any CPU.ActiveCfg = Debug|Any CPU
		{8C3FE327-5876-4874-8F92-78236BD1679C}.Debug|Any CPU.Build.0 = Debug|Any CPU
		{8C3FE327-5876-4874-8F92-78236BD1679C}.Release|Any CPU.ActiveCfg = Release|Any CPU
		{8C3FE327-5876-4874-8F92-78236BD1679C}.Release|Any CPU.Build.0 = Release|Any CPU
		{A3B7EDC3-B9F7-49E5-8DD0-4E5EA01B7F37}.Debug|Any CPU.ActiveCfg = Debug|Any CPU
		{A3B7EDC3-B9F7-49E5-8DD0-4E5EA01B7F37}.Debug|Any CPU.Build.0 = Debug|Any CPU
		{A3B7EDC3-B9F7-49E5-8DD0-4E5EA01B7F37}.Release|Any CPU.ActiveCfg = Release|Any CPU
		{A3B7EDC3-B9F7-49E5-8DD0-4E5EA01B7F37}.Release|Any CPU.Build.0 = Release|Any CPU
		{24F7C526-4A66-4D94-BC8E-FE3D85ED25F1}.Debug|Any CPU.ActiveCfg = Debug|Any CPU
		{24F7C526-4A66-4D94-BC8E-FE3D85ED25F1}.Debug|Any CPU.Build.0 = Debug|Any CPU
		{24F7C526-4A66-4D94-BC8E-FE3D85ED25F1}.Release|Any CPU.ActiveCfg = Release|Any CPU
		{24F7C526-4A66-4D94-BC8E-FE3D85ED25F1}.Release|Any CPU.Build.0 = Release|Any CPU
	EndGlobalSection
	GlobalSection(SolutionProperties) = preSolution
		HideSolutionNode = FALSE
	EndGlobalSection
	GlobalSection(ExtensibilityGlobals) = postSolution
		SolutionGuid = {E303298E-29D8-414C-8280-9464E3AD8C1C}
	EndGlobalSection
EndGlobal
