
Microsoft Visual Studio Solution File, Format Version 12.00
# Visual Studio 15
VisualStudioVersion = 15.0.28010.2026
MinimumVisualStudioVersion = 10.0.40219.1
Project("{FAE04EC0-301F-11D3-BF4B-00C04F79EFBC}") = "001_Inheritance", "Inheritance\001_Inheritance.csproj", "{56E00453-4B00-4ADD-BF26-205A3FFBC4FC}"
EndProject
Project("{FAE04EC0-301F-11D3-BF4B-00C04F79EFBC}") = "002_Inheritance", "ConsoleApp1\002_Inheritance.csproj", "{23125535-1814-4A2F-BBED-54C46BFA4FD5}"
EndProject
Global
	GlobalSection(SolutionConfigurationPlatforms) = preSolution
		Debug|Any CPU = Debug|Any CPU
		Release|Any CPU = Release|Any CPU
	EndGlobalSection
	GlobalSection(ProjectConfigurationPlatforms) = postSolution
		{56E00453-4B00-4ADD-BF26-205A3FFBC4FC}.Debug|Any CPU.ActiveCfg = Debug|Any CPU
		{56E00453-4B00-4ADD-BF26-205A3FFBC4FC}.Debug|Any CPU.Build.0 = Debug|Any CPU
		{56E00453-4B00-4ADD-BF26-205A3FFBC4FC}.Release|Any CPU.ActiveCfg = Release|Any CPU
		{56E00453-4B00-4ADD-BF26-205A3FFBC4FC}.Release|Any CPU.Build.0 = Release|Any CPU
		{23125535-1814-4A2F-BBED-54C46BFA4FD5}.Debug|Any CPU.ActiveCfg = Debug|Any CPU
		{23125535-1814-4A2F-BBED-54C46BFA4FD5}.Debug|Any CPU.Build.0 = Debug|Any CPU
		{23125535-1814-4A2F-BBED-54C46BFA4FD5}.Release|Any CPU.ActiveCfg = Release|Any CPU
		{23125535-1814-4A2F-BBED-54C46BFA4FD5}.Release|Any CPU.Build.0 = Release|Any CPU
	EndGlobalSection
	GlobalSection(SolutionProperties) = preSolution
		HideSolutionNode = FALSE
	EndGlobalSection
	GlobalSection(ExtensibilityGlobals) = postSolution
		SolutionGuid = {0EDCB0EF-BA87-49FC-811F-80A88D724E63}
	EndGlobalSection
EndGlobal
