
Microsoft Visual Studio Solution File, Format Version 12.00
# Visual Studio 15
VisualStudioVersion = 15.0.28124.53
MinimumVisualStudioVersion = 10.0.40219.1
Project("{FAE04EC0-301F-11D3-BF4B-00C04F79EFBC}") = "WordDB", "WordDB\WordDB.csproj", "{C9C7D8FF-0B00-464C-9C0B-14BD3A935DCF}"
EndProject
Global
	GlobalSection(SolutionConfigurationPlatforms) = preSolution
		Debug|Any CPU = Debug|Any CPU
		Release|Any CPU = Release|Any CPU
	EndGlobalSection
	GlobalSection(ProjectConfigurationPlatforms) = postSolution
		{C9C7D8FF-0B00-464C-9C0B-14BD3A935DCF}.Debug|Any CPU.ActiveCfg = Debug|Any CPU
		{C9C7D8FF-0B00-464C-9C0B-14BD3A935DCF}.Debug|Any CPU.Build.0 = Debug|Any CPU
		{C9C7D8FF-0B00-464C-9C0B-14BD3A935DCF}.Release|Any CPU.ActiveCfg = Release|Any CPU
		{C9C7D8FF-0B00-464C-9C0B-14BD3A935DCF}.Release|Any CPU.Build.0 = Release|Any CPU
	EndGlobalSection
	GlobalSection(SolutionProperties) = preSolution
		HideSolutionNode = FALSE
	EndGlobalSection
EndGlobal
